
Microsoft Visual Studio Solution File, Format Version 11.00
# Visual Studio 2010
Project("{FAE04EC0-301F-11D3-BF4B-00C04F79EFBC}") = "eyeballs", "Assembly-CSharp.csproj", "{FB34A4BC-8C79-9147-24CE-5462F5DA9D47}"
EndProject
Project("{FAE04EC0-301F-11D3-BF4B-00C04F79EFBC}") = "eyeballs", "Assembly-CSharp-Editor.csproj", "{0B0B7F23-85B5-082C-6EB3-55A11426CF7C}"
EndProject
Global
	GlobalSection(SolutionConfigurationPlatforms) = preSolution
		Debug|Any CPU = Debug|Any CPU
		Release|Any CPU = Release|Any CPU
	EndGlobalSection
	GlobalSection(ProjectConfigurationPlatforms) = postSolution
		{FB34A4BC-8C79-9147-24CE-5462F5DA9D47}.Debug|Any CPU.ActiveCfg = Debug|Any CPU
		{FB34A4BC-8C79-9147-24CE-5462F5DA9D47}.Debug|Any CPU.Build.0 = Debug|Any CPU
		{FB34A4BC-8C79-9147-24CE-5462F5DA9D47}.Release|Any CPU.ActiveCfg = Release|Any CPU
		{FB34A4BC-8C79-9147-24CE-5462F5DA9D47}.Release|Any CPU.Build.0 = Release|Any CPU
		{0B0B7F23-85B5-082C-6EB3-55A11426CF7C}.Debug|Any CPU.ActiveCfg = Debug|Any CPU
		{0B0B7F23-85B5-082C-6EB3-55A11426CF7C}.Debug|Any CPU.Build.0 = Debug|Any CPU
		{0B0B7F23-85B5-082C-6EB3-55A11426CF7C}.Release|Any CPU.ActiveCfg = Release|Any CPU
		{0B0B7F23-85B5-082C-6EB3-55A11426CF7C}.Release|Any CPU.Build.0 = Release|Any CPU
	EndGlobalSection
	GlobalSection(SolutionProperties) = preSolution
		HideSolutionNode = FALSE
	EndGlobalSection
	GlobalSection(MonoDevelopProperties) = preSolution
		StartupItem = Assembly-CSharp.csproj
	EndGlobalSection
EndGlobal
